# This file is automatically @generated by Poetry 2.1.1 and should not be changed by hand.

[[package]]
name = "py4j"
version = "0.10.9.7"
description = "Enables Python programs to dynamically access arbitrary Java objects"
optional = false
python-versions = "*"
groups = ["main"]
files = [
    {file = "py4j-0.10.9.7-py2.py3-none-any.whl", hash = "sha256:85defdfd2b2376eb3abf5ca6474b51ab7e0de341c75a02f46dc9b5976f5a5c1b"},
    {file = "py4j-0.10.9.7.tar.gz", hash = "sha256:0b6e5315bb3ada5cf62ac651d107bb2ebc02def3dee9d9548e3baac644ea8dbb"},
]

[[package]]
name = "pyspark"
version = "3.5.5"
description = "Apache Spark Python API"
optional = false
python-versions = ">=3.8"
groups = ["main"]
files = [
    {file = "pyspark-3.5.5.tar.gz", hash = "sha256:6effc9ce98edf231f4d683fd14f7270629bf8458c628d6a2620ded4bb34f3cb9"},
]

[package.dependencies]
py4j = "0.10.9.7"

[package.extras]
connect = ["googleapis-common-protos (>=1.56.4)", "grpcio (>=1.56.0)", "grpcio-status (>=1.56.0)", "numpy (>=1.15,<2)", "pandas (>=1.0.5)", "pyarrow (>=4.0.0)"]
ml = ["numpy (>=1.15,<2)"]
mllib = ["numpy (>=1.15,<2)"]
pandas-on-spark = ["numpy (>=1.15,<2)", "pandas (>=1.0.5)", "pyarrow (>=4.0.0)"]
sql = ["numpy (>=1.15,<2)", "pandas (>=1.0.5)", "pyarrow (>=4.0.0)"]

[metadata]
lock-version = "2.1"
python-versions = ">=3.13"
content-hash = "f840a38baf19d1114ae9da52cad92a33e5c17274fdb9ec7f42c8ba86f22f7026"
