# This file is automatically @generated by Poetry 2.1.1 and should not be changed by hand.

[[package]]
name = "kafka-python"
version = "2.1.5"
description = "Pure Python client for Apache Kafka"
optional = false
python-versions = "*"
groups = ["main"]
files = [
    {file = "kafka_python-2.1.5-py2.py3-none-any.whl", hash = "sha256:205953e581c0371cada35bebdacc58ac7dee6c3f9e8d95b9a6a0a7bacc054ca0"},
    {file = "kafka_python-2.1.5.tar.gz", hash = "sha256:6765c25440046cdadeb9c31469566be259d50802d27d4f8aae86d9ae755b78e2"},
]

[package.extras]
benchmarks = ["pyperf"]
crc32c = ["crc32c"]
lz4 = ["lz4"]
snappy = ["python-snappy"]
testing = ["mock ; python_version < \"3.3\"", "pytest", "pytest-mock", "pytest-timeout"]
zstd = ["zstandard"]

[metadata]
lock-version = "2.1"
python-versions = ">=3.13"
content-hash = "bd899049d2662cd89bae714242667a31dbd6c1f095880fac0add6f64d373a631"
